
Microsoft Visual Studio Solution File, Format Version 12.00
# Visual Studio Express 2012 for Windows Desktop
Project("{FAE04EC0-301F-11D3-BF4B-00C04F79EFBC}") = "derp", "derp\derp.csproj", "{8D7FB014-E810-4614-9704-3D7473F863C7}"
EndProject
Project("{FAE04EC0-301F-11D3-BF4B-00C04F79EFBC}") = "derpTest", "UnitTestProject1\derpTest.csproj", "{832716E4-E109-4859-9384-F0005F2F41F9}"
EndProject
Global
	GlobalSection(SolutionConfigurationPlatforms) = preSolution
		Debug|Any CPU = Debug|Any CPU
		Release|Any CPU = Release|Any CPU
	EndGlobalSection
	GlobalSection(ProjectConfigurationPlatforms) = postSolution
		{8D7FB014-E810-4614-9704-3D7473F863C7}.Debug|Any CPU.ActiveCfg = Debug|Any CPU
		{8D7FB014-E810-4614-9704-3D7473F863C7}.Debug|Any CPU.Build.0 = Debug|Any CPU
		{8D7FB014-E810-4614-9704-3D7473F863C7}.Release|Any CPU.ActiveCfg = Release|Any CPU
		{8D7FB014-E810-4614-9704-3D7473F863C7}.Release|Any CPU.Build.0 = Release|Any CPU
		{832716E4-E109-4859-9384-F0005F2F41F9}.Debug|Any CPU.ActiveCfg = Debug|Any CPU
		{832716E4-E109-4859-9384-F0005F2F41F9}.Debug|Any CPU.Build.0 = Debug|Any CPU
		{832716E4-E109-4859-9384-F0005F2F41F9}.Release|Any CPU.ActiveCfg = Release|Any CPU
		{832716E4-E109-4859-9384-F0005F2F41F9}.Release|Any CPU.Build.0 = Release|Any CPU
	EndGlobalSection
	GlobalSection(SolutionProperties) = preSolution
		HideSolutionNode = FALSE
	EndGlobalSection
EndGlobal
