
Microsoft Visual Studio Solution File, Format Version 12.00
# Visual Studio Express 2012 for Windows Desktop
Project("{FAE04EC0-301F-11D3-BF4B-00C04F79EFBC}") = "derp3", "derp3\derp3.csproj", "{8019F50A-383A-437C-A26A-28B16DEA74B0}"
EndProject
Project("{FAE04EC0-301F-11D3-BF4B-00C04F79EFBC}") = "derp3test", "derp3test\derp3test.csproj", "{1550A378-F173-4EF2-880C-FA1E5CEBFAE8}"
EndProject
Global
	GlobalSection(SolutionConfigurationPlatforms) = preSolution
		Debug|Any CPU = Debug|Any CPU
		Release|Any CPU = Release|Any CPU
	EndGlobalSection
	GlobalSection(ProjectConfigurationPlatforms) = postSolution
		{8019F50A-383A-437C-A26A-28B16DEA74B0}.Debug|Any CPU.ActiveCfg = Debug|Any CPU
		{8019F50A-383A-437C-A26A-28B16DEA74B0}.Debug|Any CPU.Build.0 = Debug|Any CPU
		{8019F50A-383A-437C-A26A-28B16DEA74B0}.Release|Any CPU.ActiveCfg = Release|Any CPU
		{8019F50A-383A-437C-A26A-28B16DEA74B0}.Release|Any CPU.Build.0 = Release|Any CPU
		{1550A378-F173-4EF2-880C-FA1E5CEBFAE8}.Debug|Any CPU.ActiveCfg = Debug|Any CPU
		{1550A378-F173-4EF2-880C-FA1E5CEBFAE8}.Debug|Any CPU.Build.0 = Debug|Any CPU
		{1550A378-F173-4EF2-880C-FA1E5CEBFAE8}.Release|Any CPU.ActiveCfg = Release|Any CPU
		{1550A378-F173-4EF2-880C-FA1E5CEBFAE8}.Release|Any CPU.Build.0 = Release|Any CPU
	EndGlobalSection
	GlobalSection(SolutionProperties) = preSolution
		HideSolutionNode = FALSE
	EndGlobalSection
EndGlobal
