
Microsoft Visual Studio Solution File, Format Version 10.00
# Visual Studio 2008
Project("{FAE04EC0-301F-11D3-BF4B-00C04F79EFBC}") = "terp", "terp\terp.csproj", "{AECFA52F-D21D-449E-A19A-DCBB04A14F54}"
EndProject
Project("{FAE04EC0-301F-11D3-BF4B-00C04F79EFBC}") = "terpTest", "terpTest\terpTest.csproj", "{56E03D1B-7CA9-40B4-9718-CB8A17B3587C}"
EndProject
Project("{2150E333-8FDC-42A3-9474-1A3956D46DE8}") = "Solution Items", "Solution Items", "{1C5D62FD-68A5-4FBE-A884-E8AC7B348C10}"
	ProjectSection(SolutionItems) = preProject
		LocalTestRun.testrunconfig = LocalTestRun.testrunconfig
		terp.vsmdi = terp.vsmdi
	EndProjectSection
EndProject
Global
	GlobalSection(TestCaseManagementSettings) = postSolution
		CategoryFile = terp.vsmdi
	EndGlobalSection
	GlobalSection(SolutionConfigurationPlatforms) = preSolution
		Debug|Any CPU = Debug|Any CPU
		Release|Any CPU = Release|Any CPU
	EndGlobalSection
	GlobalSection(ProjectConfigurationPlatforms) = postSolution
		{AECFA52F-D21D-449E-A19A-DCBB04A14F54}.Debug|Any CPU.ActiveCfg = Debug|Any CPU
		{AECFA52F-D21D-449E-A19A-DCBB04A14F54}.Debug|Any CPU.Build.0 = Debug|Any CPU
		{AECFA52F-D21D-449E-A19A-DCBB04A14F54}.Release|Any CPU.ActiveCfg = Release|Any CPU
		{AECFA52F-D21D-449E-A19A-DCBB04A14F54}.Release|Any CPU.Build.0 = Release|Any CPU
		{56E03D1B-7CA9-40B4-9718-CB8A17B3587C}.Debug|Any CPU.ActiveCfg = Debug|Any CPU
		{56E03D1B-7CA9-40B4-9718-CB8A17B3587C}.Debug|Any CPU.Build.0 = Debug|Any CPU
		{56E03D1B-7CA9-40B4-9718-CB8A17B3587C}.Release|Any CPU.ActiveCfg = Release|Any CPU
		{56E03D1B-7CA9-40B4-9718-CB8A17B3587C}.Release|Any CPU.Build.0 = Release|Any CPU
	EndGlobalSection
	GlobalSection(SolutionProperties) = preSolution
		HideSolutionNode = FALSE
	EndGlobalSection
EndGlobal
